
Microsoft Visual Studio Solution File, Format Version 12.00
# Visual Studio Version 17
VisualStudioVersion = 17.5.33414.496
MinimumVisualStudioVersion = 10.0.40219.1
Project("{FAE04EC0-301F-11D3-BF4B-00C04F79EFBC}") = "resto_app_web_api", "resto_app_web_api.csproj", "{F6815E92-00F8-457F-92D9-EEDD95E598C3}"
EndProject
Project("{2150E333-8FDC-42A3-9474-1A3956D46DE8}") = "resto_App_AL_WebApi", "resto_App_AL_WebApi", "{9DB4CEE3-4AB8-4104-82C3-97EC4914878A}"
EndProject
Project("{2150E333-8FDC-42A3-9474-1A3956D46DE8}") = "resto_App_BL", "resto_App_BL", "{41E2DD9E-E15F-428E-909C-F891A1558EB3}"
EndProject
Project("{2150E333-8FDC-42A3-9474-1A3956D46DE8}") = "resto_App_DAL", "resto_App_DAL", "{80FBA64B-7765-4B50-A55C-00EAE85B3A1E}"
EndProject
Global
	GlobalSection(SolutionConfigurationPlatforms) = preSolution
		Debug|Any CPU = Debug|Any CPU
		Release|Any CPU = Release|Any CPU
	EndGlobalSection
	GlobalSection(ProjectConfigurationPlatforms) = postSolution
		{F6815E92-00F8-457F-92D9-EEDD95E598C3}.Debug|Any CPU.ActiveCfg = Debug|Any CPU
		{F6815E92-00F8-457F-92D9-EEDD95E598C3}.Debug|Any CPU.Build.0 = Debug|Any CPU
		{F6815E92-00F8-457F-92D9-EEDD95E598C3}.Release|Any CPU.ActiveCfg = Release|Any CPU
		{F6815E92-00F8-457F-92D9-EEDD95E598C3}.Release|Any CPU.Build.0 = Release|Any CPU
	EndGlobalSection
	GlobalSection(SolutionProperties) = preSolution
		HideSolutionNode = FALSE
	EndGlobalSection
	GlobalSection(NestedProjects) = preSolution
		{F6815E92-00F8-457F-92D9-EEDD95E598C3} = {9DB4CEE3-4AB8-4104-82C3-97EC4914878A}
	EndGlobalSection
	GlobalSection(ExtensibilityGlobals) = postSolution
		SolutionGuid = {F8973769-D75C-4BFD-9616-A0EC4ED00492}
	EndGlobalSection
EndGlobal
