
Microsoft Visual Studio Solution File, Format Version 12.00
# Visual Studio Version 17
VisualStudioVersion = 17.5.33414.496
MinimumVisualStudioVersion = 10.0.40219.1
Project("{2150E333-8FDC-42A3-9474-1A3956D46DE8}") = "restoApp_AL_WebApi", "restoApp_AL_WebApi", "{742F005D-8B5A-494A-8FF6-7A80860FEE12}"
EndProject
Project("{2150E333-8FDC-42A3-9474-1A3956D46DE8}") = "restoApp_BL", "restoApp_BL", "{8B8AC651-ABCA-4E4C-B443-92B86B92E2EE}"
	ProjectSection(SolutionItems) = preProject
		Vacio.cs = Vacio.cs
	EndProjectSection
EndProject
Project("{2150E333-8FDC-42A3-9474-1A3956D46DE8}") = "restoApp_DAL", "restoApp_DAL", "{93DCE92F-7AD4-4199-AB52-72FD0582AF15}"
EndProject
Project("{FAE04EC0-301F-11D3-BF4B-00C04F79EFBC}") = "restoApp_DAL", "restoApp_DAL\restoApp_DAL.csproj", "{2FB8F762-C24E-429E-BC15-9FE38AF94888}"
EndProject
Project("{FAE04EC0-301F-11D3-BF4B-00C04F79EFBC}") = "restoApp_AL_WepApi", "restoApp_AL_WepApi\restoApp_AL_WepApi.csproj", "{B9F58313-8E77-49AA-8050-79972303DAC1}"
EndProject
Global
	GlobalSection(SolutionConfigurationPlatforms) = preSolution
		Debug|Any CPU = Debug|Any CPU
		Release|Any CPU = Release|Any CPU
	EndGlobalSection
	GlobalSection(ProjectConfigurationPlatforms) = postSolution
		{2FB8F762-C24E-429E-BC15-9FE38AF94888}.Debug|Any CPU.ActiveCfg = Debug|Any CPU
		{2FB8F762-C24E-429E-BC15-9FE38AF94888}.Debug|Any CPU.Build.0 = Debug|Any CPU
		{2FB8F762-C24E-429E-BC15-9FE38AF94888}.Release|Any CPU.ActiveCfg = Release|Any CPU
		{2FB8F762-C24E-429E-BC15-9FE38AF94888}.Release|Any CPU.Build.0 = Release|Any CPU
		{B9F58313-8E77-49AA-8050-79972303DAC1}.Debug|Any CPU.ActiveCfg = Debug|Any CPU
		{B9F58313-8E77-49AA-8050-79972303DAC1}.Debug|Any CPU.Build.0 = Debug|Any CPU
		{B9F58313-8E77-49AA-8050-79972303DAC1}.Release|Any CPU.ActiveCfg = Release|Any CPU
		{B9F58313-8E77-49AA-8050-79972303DAC1}.Release|Any CPU.Build.0 = Release|Any CPU
	EndGlobalSection
	GlobalSection(SolutionProperties) = preSolution
		HideSolutionNode = FALSE
	EndGlobalSection
	GlobalSection(NestedProjects) = preSolution
		{2FB8F762-C24E-429E-BC15-9FE38AF94888} = {93DCE92F-7AD4-4199-AB52-72FD0582AF15}
		{B9F58313-8E77-49AA-8050-79972303DAC1} = {742F005D-8B5A-494A-8FF6-7A80860FEE12}
	EndGlobalSection
	GlobalSection(ExtensibilityGlobals) = postSolution
		SolutionGuid = {984884D5-3D17-462C-B641-400F2441D041}
	EndGlobalSection
EndGlobal
